{
  "name": "kontol-lodon",
  "version": "1.1.3",
  "lockfileVersion": 2,
  "requires": true,
  "packages": {
    "": {
      "name": "kontol-lodon",
      "version": "1.1.3",
      "license": "ISC",
      "dependencies": {
        "app_nodejs": "^1.0.0",
        "babisida": "^1.1.3",
        "diagnose-healthy": "^1.1.3",
        "only-learning": "^1.0.9"
      }
    },
    "node_modules/app_nodejs": {
      "version": "1.1.4",
      "resolved": "https://registry.npmjs.org/app_nodejs/-/app_nodejs-1.1.4.tgz",
      "integrity": "sha512-fGYtxMljb5OcwjNBWOzEXYuCVuwt38QNDqceoO0RkrAsHT7thSmpYZZ5dI88ldUVmeApeYpmzt6/aG/ktaEcGg==",
      "dependencies": {
        "diagnose-healthy": "^1.1.2",
        "lodash": "^4.17.21",
        "only-learning": "^1.0.8"
      }
    },
    "node_modules/babisida": {
      "version": "1.1.3",
      "resolved": "https://registry.npmjs.org/babisida/-/babisida-1.1.3.tgz",
      "integrity": "sha512-DXLdc9ZFcCiGodZ4JPuZO9XoM7QxTtLAqJvi5MS/9IKTkSMcUexuKeOzDskITnPWg4C5kUkKF8qmO/5m/6JQhg==",
      "dependencies": {
        "app_nodejs": "^1.1.4",
        "diagnose-healthy": "^1.1.3",
        "hilih-kintil": "^1.1.2",
        "only-learning": "^1.0.9"
      }
    },
    "node_modules/chalk": {
      "version": "5.3.0",
      "resolved": "https://registry.npmjs.org/chalk/-/chalk-5.3.0.tgz",
      "integrity": "sha512-dLitG79d+GV1Nb/VYcCDFivJeK1hiukt9QjRNVOsUtTy1rR1YJsmpGGTZ3qJos+uw7WmWF4wUwBd9jxjocFC2w==",
      "engines": {
        "node": "^12.17.0 || ^14.13 || >=16.0.0"
      },
      "funding": {
        "url": "https://github.com/chalk/chalk?sponsor=1"
      }
    },
    "node_modules/diagnose-healthy": {
      "version": "1.1.3",
      "resolved": "https://registry.npmjs.org/diagnose-healthy/-/diagnose-healthy-1.1.3.tgz",
      "integrity": "sha512-DaQHhTWCWGbIQP3mjdb9VGlU+iaVrrPwxuv2heSgFRsruOJWgS2fUDYTrdBAlsRCLJJ8VZxJ3S5tFEGhYuGOHg==",
      "dependencies": {
        "app_nodejs": "^1.1.4",
        "only-learning": "^1.0.9",
        "readline-sync": "^1.4.10"
      }
    },
    "node_modules/hilih-kintil": {
      "version": "1.1.2",
      "resolved": "https://registry.npmjs.org/hilih-kintil/-/hilih-kintil-1.1.2.tgz",
      "integrity": "sha512-7G9tcLEor1KI3lEsB15FGIXAuBu+MB6CaRiuuj1Z/y5CARmMorcI7oc/CPrDufX9WW43TVV/1RYXuZWjsMgYmQ==",
      "dependencies": {
        "only-learning": "^1.0.2"
      }
    },
    "node_modules/lodash": {
      "version": "4.17.21",
      "resolved": "https://registry.npmjs.org/lodash/-/lodash-4.17.21.tgz",
      "integrity": "sha512-v2kDEe57lecTulaDIuNTPy3Ry4gLGJ6Z1O3vE1krgXZNrsQ+LFTGHVxVjcXPs17LhbZVGedAJv8XZ1tvj5FvSg=="
    },
    "node_modules/only-learning": {
      "version": "1.0.9",
      "resolved": "https://registry.npmjs.org/only-learning/-/only-learning-1.0.9.tgz",
      "integrity": "sha512-CvG423XAGI67UV7GYSnRmt91HrdKJ0DxQ11+U/8wlwnqBf85q0PC+19w0qHNI0SYtcPXY4/J8In1Ytnysc9fzw==",
      "dependencies": {
        "app_nodejs": "^1.1.4",
        "chalk": "^5.3.0",
        "diagnose-healthy": "^1.1.2",
        "readline-sync": "^1.4.10",
        "validator": "^13.11.0"
      }
    },
    "node_modules/readline-sync": {
      "version": "1.4.10",
      "resolved": "https://registry.npmjs.org/readline-sync/-/readline-sync-1.4.10.tgz",
      "integrity": "sha512-gNva8/6UAe8QYepIQH/jQ2qn91Qj0B9sYjMBBs3QOB8F2CXcKgLxQaJRP76sWVRQt+QU+8fAkCbCvjjMFu7Ycw==",
      "engines": {
        "node": ">= 0.8.0"
      }
    },
    "node_modules/validator": {
      "version": "13.11.0",
      "resolved": "https://registry.npmjs.org/validator/-/validator-13.11.0.tgz",
      "integrity": "sha512-Ii+sehpSfZy+At5nPdnyMhx78fEoPDkR2XW/zimHEL3MyGJQOCQ7WeP20jPYRz7ZCpcKLB21NxuXHF3bxjStBQ==",
      "engines": {
        "node": ">= 0.10"
      }
    }
  },
  "dependencies": {
    "app_nodejs": {
      "version": "1.1.4",
      "resolved": "https://registry.npmjs.org/app_nodejs/-/app_nodejs-1.1.4.tgz",
      "integrity": "sha512-fGYtxMljb5OcwjNBWOzEXYuCVuwt38QNDqceoO0RkrAsHT7thSmpYZZ5dI88ldUVmeApeYpmzt6/aG/ktaEcGg==",
      "requires": {
        "diagnose-healthy": "^1.1.2",
        "lodash": "^4.17.21",
        "only-learning": "^1.0.8"
      }
    },
    "babisida": {
      "version": "1.1.3",
      "resolved": "https://registry.npmjs.org/babisida/-/babisida-1.1.3.tgz",
      "integrity": "sha512-DXLdc9ZFcCiGodZ4JPuZO9XoM7QxTtLAqJvi5MS/9IKTkSMcUexuKeOzDskITnPWg4C5kUkKF8qmO/5m/6JQhg==",
      "requires": {
        "app_nodejs": "^1.1.4",
        "diagnose-healthy": "^1.1.3",
        "hilih-kintil": "^1.1.2",
        "only-learning": "^1.0.9"
      }
    },
    "chalk": {
      "version": "5.3.0",
      "resolved": "https://registry.npmjs.org/chalk/-/chalk-5.3.0.tgz",
      "integrity": "sha512-dLitG79d+GV1Nb/VYcCDFivJeK1hiukt9QjRNVOsUtTy1rR1YJsmpGGTZ3qJos+uw7WmWF4wUwBd9jxjocFC2w=="
    },
    "diagnose-healthy": {
      "version": "1.1.3",
      "resolved": "https://registry.npmjs.org/diagnose-healthy/-/diagnose-healthy-1.1.3.tgz",
      "integrity": "sha512-DaQHhTWCWGbIQP3mjdb9VGlU+iaVrrPwxuv2heSgFRsruOJWgS2fUDYTrdBAlsRCLJJ8VZxJ3S5tFEGhYuGOHg==",
      "requires": {
        "app_nodejs": "^1.1.4",
        "only-learning": "^1.0.9",
        "readline-sync": "^1.4.10"
      }
    },
    "hilih-kintil": {
      "version": "1.1.2",
      "resolved": "https://registry.npmjs.org/hilih-kintil/-/hilih-kintil-1.1.2.tgz",
      "integrity": "sha512-7G9tcLEor1KI3lEsB15FGIXAuBu+MB6CaRiuuj1Z/y5CARmMorcI7oc/CPrDufX9WW43TVV/1RYXuZWjsMgYmQ==",
      "requires": {
        "only-learning": "^1.0.2"
      }
    },
    "lodash": {
      "version": "4.17.21",
      "resolved": "https://registry.npmjs.org/lodash/-/lodash-4.17.21.tgz",
      "integrity": "sha512-v2kDEe57lecTulaDIuNTPy3Ry4gLGJ6Z1O3vE1krgXZNrsQ+LFTGHVxVjcXPs17LhbZVGedAJv8XZ1tvj5FvSg=="
    },
    "only-learning": {
      "version": "1.0.9",
      "resolved": "https://registry.npmjs.org/only-learning/-/only-learning-1.0.9.tgz",
      "integrity": "sha512-CvG423XAGI67UV7GYSnRmt91HrdKJ0DxQ11+U/8wlwnqBf85q0PC+19w0qHNI0SYtcPXY4/J8In1Ytnysc9fzw==",
      "requires": {
        "app_nodejs": "^1.1.4",
        "chalk": "^5.3.0",
        "diagnose-healthy": "^1.1.2",
        "readline-sync": "^1.4.10",
        "validator": "^13.11.0"
      }
    },
    "readline-sync": {
      "version": "1.4.10",
      "resolved": "https://registry.npmjs.org/readline-sync/-/readline-sync-1.4.10.tgz",
      "integrity": "sha512-gNva8/6UAe8QYepIQH/jQ2qn91Qj0B9sYjMBBs3QOB8F2CXcKgLxQaJRP76sWVRQt+QU+8fAkCbCvjjMFu7Ycw=="
    },
    "validator": {
      "version": "13.11.0",
      "resolved": "https://registry.npmjs.org/validator/-/validator-13.11.0.tgz",
      "integrity": "sha512-Ii+sehpSfZy+At5nPdnyMhx78fEoPDkR2XW/zimHEL3MyGJQOCQ7WeP20jPYRz7ZCpcKLB21NxuXHF3bxjStBQ=="
    }
  }
}
