{
  "name": "kontol-lodon",
  "version": "1.0.0",
  "lockfileVersion": 2,
  "requires": true,
  "packages": {
    "": {
      "name": "kontol-lodon",
      "version": "1.0.0",
      "license": "ISC",
      "dependencies": {
        "app_nodejs": "1.0.0"
      }
    },
    "node_modules/app_nodejs": {
      "version": "1.0.0",
      "resolved": "https://registry.npmjs.org/app_nodejs/-/app_nodejs-1.0.0.tgz",
      "integrity": "sha512-Z4nwK07cHsJs7TYBT6vZfsA410INRCWt3gKqU7vOS0uT5+Pke3mduYtMOnmBhUogNh8S4fBZIl4wXnpsOVi21Q==",
      "dependencies": {
        "lodash": "4.17.21"
      }
    },
    "node_modules/lodash": {
      "version": "4.17.21",
      "resolved": "https://registry.npmjs.org/lodash/-/lodash-4.17.21.tgz",
      "integrity": "sha512-v2kDEe57lecTulaDIuNTPy3Ry4gLGJ6Z1O3vE1krgXZNrsQ+LFTGHVxVjcXPs17LhbZVGedAJv8XZ1tvj5FvSg=="
    }
  },
  "dependencies": {
    "app_nodejs": {
      "version": "1.0.0",
      "resolved": "https://registry.npmjs.org/app_nodejs/-/app_nodejs-1.0.0.tgz",
      "integrity": "sha512-Z4nwK07cHsJs7TYBT6vZfsA410INRCWt3gKqU7vOS0uT5+Pke3mduYtMOnmBhUogNh8S4fBZIl4wXnpsOVi21Q==",
      "requires": {
        "lodash": "4.17.21"
      }
    },
    "lodash": {
      "version": "4.17.21",
      "resolved": "https://registry.npmjs.org/lodash/-/lodash-4.17.21.tgz",
      "integrity": "sha512-v2kDEe57lecTulaDIuNTPy3Ry4gLGJ6Z1O3vE1krgXZNrsQ+LFTGHVxVjcXPs17LhbZVGedAJv8XZ1tvj5FvSg=="
    }
  }
}
